{
  "name": "@vv/demo-api",
  "version": "0.1.0",
  "lockfileVersion": 3,
  "requires": true,
  "packages": {
    "": {
      "name": "@vv/demo-api",
      "version": "0.1.0",
      "dependencies": {
        "@vv/document-preprocessing": "file:../../packages/document-preprocessing"
      },
      "engines": {
        "node": ">=22.13.0"
      }
    },
    "../../packages/document-preprocessing": {
      "name": "@vv/document-preprocessing",
      "version": "0.1.0",
      "dependencies": {
        "sharp": "0.35.3"
      },
      "engines": {
        "node": ">=22.13.0"
      }
    },
    "node_modules/@vv/document-preprocessing": {
      "resolved": "../../packages/document-preprocessing",
      "link": true
    }
  }
}
